Microsoft Visual Studio Solution File, Format Version 12.00
# Visual Studio Version 17
VisualStudioVersion = 17.5.2.0
MinimumVisualStudioVersion = 10.0.40219.1
Project("{FAE04EC0-301F-11D3-BF4B-00C04F79EFBC}") = "CodeFlowLLMToolkit", "CodeFlowLLMToolkit.csproj", "{B165635D-AC34-F101-9394-6C18D2BAF245}"
EndProject
Global
	GlobalSection(SolutionConfigurationPlatforms) = preSolution
		Debug|Any CPU = Debug|Any CPU
		Release|Any CPU = Release|Any CPU
	EndGlobalSection
	GlobalSection(ProjectConfigurationPlatforms) = postSolution
		{B165635D-AC34-F101-9394-6C18D2BAF245}.Debug|Any CPU.ActiveCfg = Debug|Any CPU
		{B165635D-AC34-F101-9394-6C18D2BAF245}.Debug|Any CPU.Build.0 = Debug|Any CPU
		{B165635D-AC34-F101-9394-6C18D2BAF245}.Release|Any CPU.ActiveCfg = Release|Any CPU
		{B165635D-AC34-F101-9394-6C18D2BAF245}.Release|Any CPU.Build.0 = Release|Any CPU
	EndGlobalSection
	GlobalSection(SolutionProperties) = preSolution
		HideSolutionNode = FALSE
	EndGlobalSection
	GlobalSection(ExtensibilityGlobals) = postSolution
		SolutionGuid = {4520A076-454C-4B6A-A318-B2C70158B937}
	EndGlobalSection
EndGlobal
